// !$*UTF8*$!
{
	archiveVersion = 1;
	classes = {
	};
	objectVersion = 46;
	objects = {

/* Begin PBXBuildFile section */
		81CE3160183ABD2B00601C24 /* Foundation.framework in Frameworks */ = {isa = PBXBuildFile; fileRef = 81CE315F183ABD2B00601C24 /* Foundation.framework */; };
		81CE3162183ABD2B00601C24 /* CoreGraphics.framework in Frameworks */ = {isa = PBXBuildFile; fileRef = 81CE3161183ABD2B00601C24 /* CoreGraphics.framework */; };
		81CE3164183ABD2B00601C24 /* UIKit.framework in Frameworks */ = {isa = PBXBuildFile; fileRef = 81CE3163183ABD2B00601C24 /* UIKit.framework */; };
		81CE3166183ABD2B00601C24 /* SpriteKit.framework in Frameworks */ = {isa = PBXBuildFile; fileRef = 81CE3165183ABD2B00601C24 /* SpriteKit.framework */; };
		81CE316C183ABD2B00601C24 /* InfoPlist.strings in Resources */ = {isa = PBXBuildFile; fileRef = 81CE316A183ABD2B00601C24 /* InfoPlist.strings */; };
		81CE316E183ABD2B00601C24 /* main.m in Sources */ = {isa = PBXBuildFile; fileRef = 81CE316D183ABD2B00601C24 /* main.m */; };
		81CE3172183ABD2B00601C24 /* XKAppDelegate.m in Sources */ = {isa = PBXBuildFile; fileRef = 81CE3171183ABD2B00601C24 /* XKAppDelegate.m */; };
		81CE3178183ABD2B00601C24 /* Main_iPad.storyboard in Resources */ = {isa = PBXBuildFile; fileRef = 81CE3176183ABD2B00601C24 /* Main_iPad.storyboard */; };
		81CE317B183ABD2B00601C24 /* XKViewController.m in Sources */ = {isa = PBXBuildFile; fileRef = 81CE317A183ABD2B00601C24 /* XKViewController.m */; };
		81CE317E183ABD2B00601C24 /* XKMyScene1.m in Sources */ = {isa = PBXBuildFile; fileRef = 81CE317D183ABD2B00601C24 /* XKMyScene1.m */; };
		81CE3180183ABD2B00601C24 /* Spaceship.png in Resources */ = {isa = PBXBuildFile; fileRef = 81CE317F183ABD2B00601C24 /* Spaceship.png */; };
		81CE3182183ABD2B00601C24 /* Images.xcassets in Resources */ = {isa = PBXBuildFile; fileRef = 81CE3181183ABD2B00601C24 /* Images.xcassets */; };
		81CE3189183ABD2B00601C24 /* XCTest.framework in Frameworks */ = {isa = PBXBuildFile; fileRef = 81CE3188183ABD2B00601C24 /* XCTest.framework */; };
		81CE318A183ABD2B00601C24 /* Foundation.framework in Frameworks */ = {isa = PBXBuildFile; fileRef = 81CE315F183ABD2B00601C24 /* Foundation.framework */; };
		81CE318B183ABD2B00601C24 /* UIKit.framework in Frameworks */ = {isa = PBXBuildFile; fileRef = 81CE3163183ABD2B00601C24 /* UIKit.framework */; };
		81CE3193183ABD2B00601C24 /* InfoPlist.strings in Resources */ = {isa = PBXBuildFile; fileRef = 81CE3191183ABD2B00601C24 /* InfoPlist.strings */; };
		81CE3195183ABD2B00601C24 /* SKPhunTests.m in Sources */ = {isa = PBXBuildFile; fileRef = 81CE3194183ABD2B00601C24 /* SKPhunTests.m */; };
/* End PBXBuildFile section */

/* Begin PBXContainerItemProxy section */
		81CE318C183ABD2B00601C24 /* PBXContainerItemProxy */ = {
			isa = PBXContainerItemProxy;
			containerPortal = 81CE3154183ABD2B00601C24 /* Project object */;
			proxyType = 1;
			remoteGlobalIDString = 81CE315B183ABD2B00601C24;
			remoteInfo = SKPhun;
		};
/* End PBXContainerItemProxy section */

/* Begin PBXFileReference section */
		81CE315C183ABD2B00601C24 /* SKPhun.app */ = {isa = PBXFileReference; explicitFileType = wrapper.application; includeInIndex = 0; path = SKPhun.app; sourceTree = BUILT_PRODUCTS_DIR; };
		81CE315F183ABD2B00601C24 /* Foundation.framework */ = {isa = PBXFileReference; lastKnownFileType = wrapper.framework; name = Foundation.framework; path = System/Library/Frameworks/Foundation.framework; sourceTree = SDKROOT; };
		81CE3161183ABD2B00601C24 /* CoreGraphics.framework */ = {isa = PBXFileReference; lastKnownFileType = wrapper.framework; name = CoreGraphics.framework; path = System/Library/Frameworks/CoreGraphics.framework; sourceTree = SDKROOT; };
		81CE3163183ABD2B00601C24 /* UIKit.framework */ = {isa = PBXFileReference; lastKnownFileType = wrapper.framework; name = UIKit.framework; path = System/Library/Frameworks/UIKit.framework; sourceTree = SDKROOT; };
		81CE3165183ABD2B00601C24 /* SpriteKit.framework */ = {isa = PBXFileReference; lastKnownFileType = wrapper.framework; name = SpriteKit.framework; path = System/Library/Frameworks/SpriteKit.framework; sourceTree = SDKROOT; };
		81CE3169183ABD2B00601C24 /* SKPhun-Info.plist */ = {isa = PBXFileReference; lastKnownFileType = text.plist.xml; path = "SKPhun-Info.plist"; sourceTree = "<group>"; };
		81CE316B183ABD2B00601C24 /* en */ = {isa = PBXFileReference; lastKnownFileType = text.plist.strings; name = en; path = en.lproj/InfoPlist.strings; sourceTree = "<group>"; };
		81CE316D183ABD2B00601C24 /* main.m */ = {isa = PBXFileReference; lastKnownFileType = sourcecode.c.objc; path = main.m; sourceTree = "<group>"; };
		81CE316F183ABD2B00601C24 /* SKPhun-Prefix.pch */ = {isa = PBXFileReference; lastKnownFileType = sourcecode.c.h; path = "SKPhun-Prefix.pch"; sourceTree = "<group>"; };
		81CE3170183ABD2B00601C24 /* XKAppDelegate.h */ = {isa = PBXFileReference; lastKnownFileType = sourcecode.c.h; path = XKAppDelegate.h; sourceTree = "<group>"; };
		81CE3171183ABD2B00601C24 /* XKAppDelegate.m */ = {isa = PBXFileReference; lastKnownFileType = sourcecode.c.objc; path = XKAppDelegate.m; sourceTree = "<group>"; };
		81CE3177183ABD2B00601C24 /* Base */ = {isa = PBXFileReference; lastKnownFileType = file.storyboard; name = Base; path = Base.lproj/Main_iPad.storyboard; sourceTree = "<group>"; };
		81CE3179183ABD2B00601C24 /* XKViewController.h */ = {isa = PBXFileReference; lastKnownFileType = sourcecode.c.h; path = XKViewController.h; sourceTree = "<group>"; };
		81CE317A183ABD2B00601C24 /* XKViewController.m */ = {isa = PBXFileReference; lastKnownFileType = sourcecode.c.objc; path = XKViewController.m; sourceTree = "<group>"; };
		81CE317C183ABD2B00601C24 /* XKMyScene1.h */ = {isa = PBXFileReference; lastKnownFileType = sourcecode.c.h; path = XKMyScene1.h; sourceTree = "<group>"; };
		81CE317D183ABD2B00601C24 /* XKMyScene1.m */ = {isa = PBXFileReference; lastKnownFileType = sourcecode.c.objc; path = XKMyScene1.m; sourceTree = "<group>"; };
		81CE317F183ABD2B00601C24 /* Spaceship.png */ = {isa = PBXFileReference; lastKnownFileType = image.png; path = Spaceship.png; sourceTree = "<group>"; };
		81CE3181183ABD2B00601C24 /* Images.xcassets */ = {isa = PBXFileReference; lastKnownFileType = folder.assetcatalog; path = Images.xcassets; sourceTree = "<group>"; };
		81CE3187183ABD2B00601C24 /* SKPhunTests.xctest */ = {isa = PBXFileReference; explicitFileType = wrapper.cfbundle; includeInIndex = 0; path = SKPhunTests.xctest; sourceTree = BUILT_PRODUCTS_DIR; };
		81CE3188183ABD2B00601C24 /* XCTest.framework */ = {isa = PBXFileReference; lastKnownFileType = wrapper.framework; name = XCTest.framework; path = Library/Frameworks/XCTest.framework; sourceTree = DEVELOPER_DIR; };
		81CE3190183ABD2B00601C24 /* SKPhunTests-Info.plist */ = {isa = PBXFileReference; lastKnownFileType = text.plist.xml; path = "SKPhunTests-Info.plist"; sourceTree = "<group>"; };
		81CE3192183ABD2B00601C24 /* en */ = {isa = PBXFileReference; lastKnownFileType = text.plist.strings; name = en; path = en.lproj/InfoPlist.strings; sourceTree = "<group>"; };
		81CE3194183ABD2B00601C24 /* SKPhunTests.m */ = {isa = PBXFileReference; lastKnownFileType = sourcecode.c.objc; path = SKPhunTests.m; sourceTree = "<group>"; };
/* End PBXFileReference section */

/* Begin PBXFrameworksBuildPhase section */
		81CE3159183ABD2B00601C24 /* Frameworks */ = {
			isa = PBXFrameworksBuildPhase;
			buildActionMask = 2147483647;
			files = (
				81CE3162183ABD2B00601C24 /* CoreGraphics.framework in Frameworks */,
				81CE3164183ABD2B00601C24 /* UIKit.framework in Frameworks */,
				81CE3166183ABD2B00601C24 /* SpriteKit.framework in Frameworks */,
				81CE3160183ABD2B00601C24 /* Foundation.framework in Frameworks */,
			);
			runOnlyForDeploymentPostprocessing = 0;
		};
		81CE3184183ABD2B00601C24 /* Frameworks */ = {
			isa = PBXFrameworksBuildPhase;
			buildActionMask = 2147483647;
			files = (
				81CE3189183ABD2B00601C24 /* XCTest.framework in Frameworks */,
				81CE318B183ABD2B00601C24 /* UIKit.framework in Frameworks */,
				81CE318A183ABD2B00601C24 /* Foundation.framework in Frameworks */,
			);
			runOnlyForDeploymentPostprocessing = 0;
		};
/* End PBXFrameworksBuildPhase section */

/* Begin PBXGroup section */
		81CE3153183ABD2B00601C24 = {
			isa = PBXGroup;
			children = (
				81CE3167183ABD2B00601C24 /* SKPhun */,
				81CE318E183ABD2B00601C24 /* SKPhunTests */,
				81CE315E183ABD2B00601C24 /* Frameworks */,
				81CE315D183ABD2B00601C24 /* Products */,
			);
			sourceTree = "<group>";
		};
		81CE315D183ABD2B00601C24 /* Products */ = {
			isa = PBXGroup;
			children = (
				81CE315C183ABD2B00601C24 /* SKPhun.app */,
				81CE3187183ABD2B00601C24 /* SKPhunTests.xctest */,
			);
			name = Products;
			sourceTree = "<group>";
		};
		81CE315E183ABD2B00601C24 /* Frameworks */ = {
			isa = PBXGroup;
			children = (
				81CE315F183ABD2B00601C24 /* Foundation.framework */,
				81CE3161183ABD2B00601C24 /* CoreGraphics.framework */,
				81CE3163183ABD2B00601C24 /* UIKit.framework */,
				81CE3165183ABD2B00601C24 /* SpriteKit.framework */,
				81CE3188183ABD2B00601C24 /* XCTest.framework */,
			);
			name = Frameworks;
			sourceTree = "<group>";
		};
		81CE3167183ABD2B00601C24 /* SKPhun */ = {
			isa = PBXGroup;
			children = (
				81CE3170183ABD2B00601C24 /* XKAppDelegate.h */,
				81CE3171183ABD2B00601C24 /* XKAppDelegate.m */,
				81CE3176183ABD2B00601C24 /* Main_iPad.storyboard */,
				81CE3179183ABD2B00601C24 /* XKViewController.h */,
				81CE317A183ABD2B00601C24 /* XKViewController.m */,
				81CE317C183ABD2B00601C24 /* XKMyScene1.h */,
				81CE317D183ABD2B00601C24 /* XKMyScene1.m */,
				81CE317F183ABD2B00601C24 /* Spaceship.png */,
				81CE3181183ABD2B00601C24 /* Images.xcassets */,
				81CE3168183ABD2B00601C24 /* Supporting Files */,
			);
			path = SKPhun;
			sourceTree = "<group>";
		};
		81CE3168183ABD2B00601C24 /* Supporting Files */ = {
			isa = PBXGroup;
			children = (
				81CE3169183ABD2B00601C24 /* SKPhun-Info.plist */,
				81CE316A183ABD2B00601C24 /* InfoPlist.strings */,
				81CE316D183ABD2B00601C24 /* main.m */,
				81CE316F183ABD2B00601C24 /* SKPhun-Prefix.pch */,
			);
			name = "Supporting Files";
			sourceTree = "<group>";
		};
		81CE318E183ABD2B00601C24 /* SKPhunTests */ = {
			isa = PBXGroup;
			children = (
				81CE3194183ABD2B00601C24 /* SKPhunTests.m */,
				81CE318F183ABD2B00601C24 /* Supporting Files */,
			);
			path = SKPhunTests;
			sourceTree = "<group>";
		};
		81CE318F183ABD2B00601C24 /* Supporting Files */ = {
			isa = PBXGroup;
			children = (
				81CE3190183ABD2B00601C24 /* SKPhunTests-Info.plist */,
				81CE3191183ABD2B00601C24 /* InfoPlist.strings */,
			);
			name = "Supporting Files";
			sourceTree = "<group>";
		};
/* End PBXGroup section */

/* Begin PBXNativeTarget section */
		81CE315B183ABD2B00601C24 /* SKPhun */ = {
			isa = PBXNativeTarget;
			buildConfigurationList = 81CE3198183ABD2B00601C24 /* Build configuration list for PBXNativeTarget "SKPhun" */;
			buildPhases = (
				81CE3158183ABD2B00601C24 /* Sources */,
				81CE3159183ABD2B00601C24 /* Frameworks */,
				81CE315A183ABD2B00601C24 /* Resources */,
			);
			buildRules = (
			);
			dependencies = (
			);
			name = SKPhun;
			productName = SKPhun;
			productReference = 81CE315C183ABD2B00601C24 /* SKPhun.app */;
			productType = "com.apple.product-type.application";
		};
		81CE3186183ABD2B00601C24 /* SKPhunTests */ = {
			isa = PBXNativeTarget;
			buildConfigurationList = 81CE319B183ABD2B00601C24 /* Build configuration list for PBXNativeTarget "SKPhunTests" */;
			buildPhases = (
				81CE3183183ABD2B00601C24 /* Sources */,
				81CE3184183ABD2B00601C24 /* Frameworks */,
				81CE3185183ABD2B00601C24 /* Resources */,
			);
			buildRules = (
			);
			dependencies = (
				81CE318D183ABD2B00601C24 /* PBXTargetDependency */,
			);
			name = SKPhunTests;
			productName = SKPhunTests;
			productReference = 81CE3187183ABD2B00601C24 /* SKPhunTests.xctest */;
			productType = "com.apple.product-type.bundle.unit-test";
		};
/* End PBXNativeTarget section */

/* Begin PBXProject section */
		81CE3154183ABD2B00601C24 /* Project object */ = {
			isa = PBXProject;
			attributes = {
				CLASSPREFIX = XK;
				LastUpgradeCheck = 0500;
				ORGANIZATIONNAME = xiik;
				TargetAttributes = {
					81CE3186183ABD2B00601C24 = {
						TestTargetID = 81CE315B183ABD2B00601C24;
					};
				};
			};
			buildConfigurationList = 81CE3157183ABD2B00601C24 /* Build configuration list for PBXProject "SKPhun" */;
			compatibilityVersion = "Xcode 3.2";
			developmentRegion = English;
			hasScannedForEncodings = 0;
			knownRegions = (
				en,
				Base,
			);
			mainGroup = 81CE3153183ABD2B00601C24;
			productRefGroup = 81CE315D183ABD2B00601C24 /* Products */;
			projectDirPath = "";
			projectRoot = "";
			targets = (
				81CE315B183ABD2B00601C24 /* SKPhun */,
				81CE3186183ABD2B00601C24 /* SKPhunTests */,
			);
		};
/* End PBXProject section */

/* Begin PBXResourcesBuildPhase section */
		81CE315A183ABD2B00601C24 /* Resources */ = {
			isa = PBXResourcesBuildPhase;
			buildActionMask = 2147483647;
			files = (
				81CE3180183ABD2B00601C24 /* Spaceship.png in Resources */,
				81CE3182183ABD2B00601C24 /* Images.xcassets in Resources */,
				81CE3178183ABD2B00601C24 /* Main_iPad.storyboard in Resources */,
				81CE316C183ABD2B00601C24 /* InfoPlist.strings in Resources */,
			);
			runOnlyForDeploymentPostprocessing = 0;
		};
		81CE3185183ABD2B00601C24 /* Resources */ = {
			isa = PBXResourcesBuildPhase;
			buildActionMask = 2147483647;
			files = (
				81CE3193183ABD2B00601C24 /* InfoPlist.strings in Resources */,
			);
			runOnlyForDeploymentPostprocessing = 0;
		};
/* End PBXResourcesBuildPhase section */

/* Begin PBXSourcesBuildPhase section */
		81CE3158183ABD2B00601C24 /* Sources */ = {
			isa = PBXSourcesBuildPhase;
			buildActionMask = 2147483647;
			files = (
				81CE316E183ABD2B00601C24 /* main.m in Sources */,
				81CE317E183ABD2B00601C24 /* XKMyScene1.m in Sources */,
				81CE3172183ABD2B00601C24 /* XKAppDelegate.m in Sources */,
				81CE317B183ABD2B00601C24 /* XKViewController.m in Sources */,
			);
			runOnlyForDeploymentPostprocessing = 0;
		};
		81CE3183183ABD2B00601C24 /* Sources */ = {
			isa = PBXSourcesBuildPhase;
			buildActionMask = 2147483647;
			files = (
				81CE3195183ABD2B00601C24 /* SKPhunTests.m in Sources */,
			);
			runOnlyForDeploymentPostprocessing = 0;
		};
/* End PBXSourcesBuildPhase section */

/* Begin PBXTargetDependency section */
		81CE318D183ABD2B00601C24 /* PBXTargetDependency */ = {
			isa = PBXTargetDependency;
			target = 81CE315B183ABD2B00601C24 /* SKPhun */;
			targetProxy = 81CE318C183ABD2B00601C24 /* PBXContainerItemProxy */;
		};
/* End PBXTargetDependency section */

/* Begin PBXVariantGroup section */
		81CE316A183ABD2B00601C24 /* InfoPlist.strings */ = {
			isa = PBXVariantGroup;
			children = (
				81CE316B183ABD2B00601C24 /* en */,
			);
			name = InfoPlist.strings;
			sourceTree = "<group>";
		};
		81CE3176183ABD2B00601C24 /* Main_iPad.storyboard */ = {
			isa = PBXVariantGroup;
			children = (
				81CE3177183ABD2B00601C24 /* Base */,
			);
			name = Main_iPad.storyboard;
			sourceTree = "<group>";
		};
		81CE3191183ABD2B00601C24 /* InfoPlist.strings */ = {
			isa = PBXVariantGroup;
			children = (
				81CE3192183ABD2B00601C24 /* en */,
			);
			name = InfoPlist.strings;
			sourceTree = "<group>";
		};
/* End PBXVariantGroup section */

/* Begin XCBuildConfiguration section */
		81CE3196183ABD2B00601C24 /* Debug */ = {
			isa = XCBuildConfiguration;
			buildSettings = {
				ALWAYS_SEARCH_USER_PATHS = NO;
				ARCHS = "$(ARCHS_STANDARD_INCLUDING_64_BIT)";
				CLANG_CXX_LANGUAGE_STANDARD = "gnu++0x";
				CLANG_CXX_LIBRARY = "libc++";
				CLANG_ENABLE_MODULES = YES;
				CLANG_ENABLE_OBJC_ARC = YES;
				CLANG_WARN_BOOL_CONVERSION = YES;
				CLANG_WARN_CONSTANT_CONVERSION = YES;
				CLANG_WARN_DIRECT_OBJC_ISA_USAGE = YES_ERROR;
				CLANG_WARN_EMPTY_BODY = YES;
				CLANG_WARN_ENUM_CONVERSION = YES;
				CLANG_WARN_INT_CONVERSION = YES;
				CLANG_WARN_OBJC_ROOT_CLASS = YES_ERROR;
				CLANG_WARN__DUPLICATE_METHOD_MATCH = YES;
				"CODE_SIGN_IDENTITY[sdk=iphoneos*]" = "iPhone Developer";
				COPY_PHASE_STRIP = NO;
				GCC_C_LANGUAGE_STANDARD = gnu99;
				GCC_DYNAMIC_NO_PIC = NO;
				GCC_OPTIMIZATION_LEVEL = 0;
				GCC_PREPROCESSOR_DEFINITIONS = (
					"DEBUG=1",
					"$(inherited)",
				);
				GCC_SYMBOLS_PRIVATE_EXTERN = NO;
				GCC_WARN_64_TO_32_BIT_CONVERSION = YES;
				GCC_WARN_ABOUT_RETURN_TYPE = YES_ERROR;
				GCC_WARN_UNDECLARED_SELECTOR = YES;
				GCC_WARN_UNINITIALIZED_AUTOS = YES;
				GCC_WARN_UNUSED_FUNCTION = YES;
				GCC_WARN_UNUSED_VARIABLE = YES;
				IPHONEOS_DEPLOYMENT_TARGET = 7.0;
				ONLY_ACTIVE_ARCH = YES;
				SDKROOT = iphoneos;
				TARGETED_DEVICE_FAMILY = "1,2";
			};
			name = Debug;
		};
		81CE3197183ABD2B00601C24 /* Release */ = {
			isa = XCBuildConfiguration;
			buildSettings = {
				ALWAYS_SEARCH_USER_PATHS = NO;
				ARCHS = "$(ARCHS_STANDARD_INCLUDING_64_BIT)";
				CLANG_CXX_LANGUAGE_STANDARD = "gnu++0x";
				CLANG_CXX_LIBRARY = "libc++";
				CLANG_ENABLE_MODULES = YES;
				CLANG_ENABLE_OBJC_ARC = YES;
				CLANG_WARN_BOOL_CONVERSION = YES;
				CLANG_WARN_CONSTANT_CONVERSION = YES;
				CLANG_WARN_DIRECT_OBJC_ISA_USAGE = YES_ERROR;
				CLANG_WARN_EMPTY_BODY = YES;
				CLANG_WARN_ENUM_CONVERSION = YES;
				CLANG_WARN_INT_CONVERSION = YES;
				CLANG_WARN_OBJC_ROOT_CLASS = YES_ERROR;
				CLANG_WARN__DUPLICATE_METHOD_MATCH = YES;
				"CODE_SIGN_IDENTITY[sdk=iphoneos*]" = "iPhone Developer";
				COPY_PHASE_STRIP = YES;
				ENABLE_NS_ASSERTIONS = NO;
				GCC_C_LANGUAGE_STANDARD = gnu99;
				GCC_WARN_64_TO_32_BIT_CONVERSION = YES;
				GCC_WARN_ABOUT_RETURN_TYPE = YES_ERROR;
				GCC_WARN_UNDECLARED_SELECTOR = YES;
				GCC_WARN_UNINITIALIZED_AUTOS = YES;
				GCC_WARN_UNUSED_FUNCTION = YES;
				GCC_WARN_UNUSED_VARIABLE = YES;
				IPHONEOS_DEPLOYMENT_TARGET = 7.0;
				SDKROOT = iphoneos;
				TARGETED_DEVICE_FAMILY = "1,2";
				VALIDATE_PRODUCT = YES;
			};
			name = Release;
		};
		81CE3199183ABD2B00601C24 /* Debug */ = {
			isa = XCBuildConfiguration;
			buildSettings = {
				ASSETCATALOG_COMPILER_APPICON_NAME = AppIcon;
				ASSETCATALOG_COMPILER_LAUNCHIMAGE_NAME = LaunchImage;
				GCC_PRECOMPILE_PREFIX_HEADER = YES;
				GCC_PREFIX_HEADER = "SKPhun/SKPhun-Prefix.pch";
				INFOPLIST_FILE = "SKPhun/SKPhun-Info.plist";
				PRODUCT_NAME = "$(TARGET_NAME)";
				SPRITEKIT_TEXTURE_ATLAS_OUTPUT = YES;
				WRAPPER_EXTENSION = app;
			};
			name = Debug;
		};
		81CE319A183ABD2B00601C24 /* Release */ = {
			isa = XCBuildConfiguration;
			buildSettings = {
				ASSETCATALOG_COMPILER_APPICON_NAME = AppIcon;
				ASSETCATALOG_COMPILER_LAUNCHIMAGE_NAME = LaunchImage;
				GCC_PRECOMPILE_PREFIX_HEADER = YES;
				GCC_PREFIX_HEADER = "SKPhun/SKPhun-Prefix.pch";
				INFOPLIST_FILE = "SKPhun/SKPhun-Info.plist";
				PRODUCT_NAME = "$(TARGET_NAME)";
				SPRITEKIT_TEXTURE_ATLAS_OUTPUT = YES;
				WRAPPER_EXTENSION = app;
			};
			name = Release;
		};
		81CE319C183ABD2B00601C24 /* Debug */ = {
			isa = XCBuildConfiguration;
			buildSettings = {
				ARCHS = "$(ARCHS_STANDARD_INCLUDING_64_BIT)";
				BUNDLE_LOADER = "$(BUILT_PRODUCTS_DIR)/SKPhun.app/SKPhun";
				FRAMEWORK_SEARCH_PATHS = (
					"$(SDKROOT)/Developer/Library/Frameworks",
					"$(inherited)",
					"$(DEVELOPER_FRAMEWORKS_DIR)",
				);
				GCC_PRECOMPILE_PREFIX_HEADER = YES;
				GCC_PREFIX_HEADER = "SKPhun/SKPhun-Prefix.pch";
				GCC_PREPROCESSOR_DEFINITIONS = (
					"DEBUG=1",
					"$(inherited)",
				);
				INFOPLIST_FILE = "SKPhunTests/SKPhunTests-Info.plist";
				PRODUCT_NAME = "$(TARGET_NAME)";
				TEST_HOST = "$(BUNDLE_LOADER)";
				WRAPPER_EXTENSION = xctest;
			};
			name = Debug;
		};
		81CE319D183ABD2B00601C24 /* Release */ = {
			isa = XCBuildConfiguration;
			buildSettings = {
				ARCHS = "$(ARCHS_STANDARD_INCLUDING_64_BIT)";
				BUNDLE_LOADER = "$(BUILT_PRODUCTS_DIR)/SKPhun.app/SKPhun";
				FRAMEWORK_SEARCH_PATHS = (
					"$(SDKROOT)/Developer/Library/Frameworks",
					"$(inherited)",
					"$(DEVELOPER_FRAMEWORKS_DIR)",
				);
				GCC_PRECOMPILE_PREFIX_HEADER = YES;
				GCC_PREFIX_HEADER = "SKPhun/SKPhun-Prefix.pch";
				INFOPLIST_FILE = "SKPhunTests/SKPhunTests-Info.plist";
				PRODUCT_NAME = "$(TARGET_NAME)";
				TEST_HOST = "$(BUNDLE_LOADER)";
				WRAPPER_EXTENSION = xctest;
			};
			name = Release;
		};
/* End XCBuildConfiguration section */

/* Begin XCConfigurationList section */
		81CE3157183ABD2B00601C24 /* Build configuration list for PBXProject "SKPhun" */ = {
			isa = XCConfigurationList;
			buildConfigurations = (
				81CE3196183ABD2B00601C24 /* Debug */,
				81CE3197183ABD2B00601C24 /* Release */,
			);
			defaultConfigurationIsVisible = 0;
			defaultConfigurationName = Release;
		};
		81CE3198183ABD2B00601C24 /* Build configuration list for PBXNativeTarget "SKPhun" */ = {
			isa = XCConfigurationList;
			buildConfigurations = (
				81CE3199183ABD2B00601C24 /* Debug */,
				81CE319A183ABD2B00601C24 /* Release */,
			);
			defaultConfigurationIsVisible = 0;
			defaultConfigurationName = Release;
		};
		81CE319B183ABD2B00601C24 /* Build configuration list for PBXNativeTarget "SKPhunTests" */ = {
			isa = XCConfigurationList;
			buildConfigurations = (
				81CE319C183ABD2B00601C24 /* Debug */,
				81CE319D183ABD2B00601C24 /* Release */,
			);
			defaultConfigurationIsVisible = 0;
			defaultConfigurationName = Release;
		};
/* End XCConfigurationList section */
	};
	rootObject = 81CE3154183ABD2B00601C24 /* Project object */;
}
